
Microsoft Visual Studio Solution File, Format Version 12.00
# Visual Studio Version 17
VisualStudioVersion = 17.8.34309.116
MinimumVisualStudioVersion = 10.0.40219.1
Project("{FAE04EC0-301F-11D3-BF4B-00C04F79EFBC}") = "BarakaTexnika.Api", "BarakaTexnika.Api\BarakaTexnika.Api.csproj", "{FD4A9DE8-4468-4DCC-8BB1-86B5D9069CD1}"
EndProject
Global
	GlobalSection(SolutionConfigurationPlatforms) = preSolution
		Debug|Any CPU = Debug|Any CPU
		Release|Any CPU = Release|Any CPU
	EndGlobalSection
	GlobalSection(ProjectConfigurationPlatforms) = postSolution
		{FD4A9DE8-4468-4DCC-8BB1-86B5D9069CD1}.Debug|Any CPU.ActiveCfg = Debug|Any CPU
		{FD4A9DE8-4468-4DCC-8BB1-86B5D9069CD1}.Debug|Any CPU.Build.0 = Debug|Any CPU
		{FD4A9DE8-4468-4DCC-8BB1-86B5D9069CD1}.Release|Any CPU.ActiveCfg = Release|Any CPU
		{FD4A9DE8-4468-4DCC-8BB1-86B5D9069CD1}.Release|Any CPU.Build.0 = Release|Any CPU
	EndGlobalSection
	GlobalSection(SolutionProperties) = preSolution
		HideSolutionNode = FALSE
	EndGlobalSection
	GlobalSection(ExtensibilityGlobals) = postSolution
		SolutionGuid = {2F41CA21-3043-454D-A3B6-52FCCA8393AC}
	EndGlobalSection
EndGlobal
